
Microsoft Visual Studio Solution File, Format Version 12.00
# Visual Studio Version 16
VisualStudioVersion = 16.0.28729.10
MinimumVisualStudioVersion = 10.0.40219.1
Project("{FAE04EC0-301F-11D3-BF4B-00C04F79EFBC}") = "quartz_netcore", "quartz_netcore\quartz_netcore.csproj", "{B82E84C6-D0DF-4227-9A25-31C9F4840920}"
EndProject
Global
	GlobalSection(SolutionConfigurationPlatforms) = preSolution
		Debug|Any CPU = Debug|Any CPU
		Release|Any CPU = Release|Any CPU
	EndGlobalSection
	GlobalSection(ProjectConfigurationPlatforms) = postSolution
		{B82E84C6-D0DF-4227-9A25-31C9F4840920}.Debug|Any CPU.ActiveCfg = Debug|Any CPU
		{B82E84C6-D0DF-4227-9A25-31C9F4840920}.Debug|Any CPU.Build.0 = Debug|Any CPU
		{B82E84C6-D0DF-4227-9A25-31C9F4840920}.Release|Any CPU.ActiveCfg = Release|Any CPU
		{B82E84C6-D0DF-4227-9A25-31C9F4840920}.Release|Any CPU.Build.0 = Release|Any CPU
	EndGlobalSection
	GlobalSection(SolutionProperties) = preSolution
		HideSolutionNode = FALSE
	EndGlobalSection
	GlobalSection(ExtensibilityGlobals) = postSolution
		SolutionGuid = {77A17DFD-5D08-4F30-B85B-C213FBFBD6C4}
	EndGlobalSection
EndGlobal
